
Microsoft Visual Studio Solution File, Format Version 12.00
# Visual Studio Version 17
VisualStudioVersion = 17.0.32112.339
MinimumVisualStudioVersion = 10.0.40219.1
Project("{9A19103F-16F7-4668-BE54-9A1E7A4F7556}") = "Tests", "Tests\Tests.csproj", "{6BC595FE-A03D-4300-8ABB-F3B3BD52A4CB}"
EndProject
Project("{9A19103F-16F7-4668-BE54-9A1E7A4F7556}") = "Models", "Models\Models.csproj", "{37B409E1-3713-402C-BE28-5DAC1B245BAF}"
EndProject
Project("{9A19103F-16F7-4668-BE54-9A1E7A4F7556}") = "DL", "DL\DL.csproj", "{273E3C44-5CD0-4D69-83F9-723B73611D11}"
EndProject
Project("{9A19103F-16F7-4668-BE54-9A1E7A4F7556}") = "BL", "BL\BL.csproj", "{77801F36-CAE1-4752-A174-C3EB5BE86160}"
EndProject
Project("{FAE04EC0-301F-11D3-BF4B-00C04F79EFBC}") = "WebAPI", "WebAPI\WebAPI.csproj", "{DB68520E-A6E6-46E2-9B8A-E9EB4709BD3E}"
EndProject
Global
	GlobalSection(SolutionConfigurationPlatforms) = preSolution
		Debug|Any CPU = Debug|Any CPU
		Release|Any CPU = Release|Any CPU
	EndGlobalSection
	GlobalSection(ProjectConfigurationPlatforms) = postSolution
		{6BC595FE-A03D-4300-8ABB-F3B3BD52A4CB}.Debug|Any CPU.ActiveCfg = Debug|Any CPU
		{6BC595FE-A03D-4300-8ABB-F3B3BD52A4CB}.Debug|Any CPU.Build.0 = Debug|Any CPU
		{6BC595FE-A03D-4300-8ABB-F3B3BD52A4CB}.Release|Any CPU.ActiveCfg = Release|Any CPU
		{6BC595FE-A03D-4300-8ABB-F3B3BD52A4CB}.Release|Any CPU.Build.0 = Release|Any CPU
		{37B409E1-3713-402C-BE28-5DAC1B245BAF}.Debug|Any CPU.ActiveCfg = Debug|Any CPU
		{37B409E1-3713-402C-BE28-5DAC1B245BAF}.Debug|Any CPU.Build.0 = Debug|Any CPU
		{37B409E1-3713-402C-BE28-5DAC1B245BAF}.Release|Any CPU.ActiveCfg = Release|Any CPU
		{37B409E1-3713-402C-BE28-5DAC1B245BAF}.Release|Any CPU.Build.0 = Release|Any CPU
		{273E3C44-5CD0-4D69-83F9-723B73611D11}.Debug|Any CPU.ActiveCfg = Debug|Any CPU
		{273E3C44-5CD0-4D69-83F9-723B73611D11}.Debug|Any CPU.Build.0 = Debug|Any CPU
		{273E3C44-5CD0-4D69-83F9-723B73611D11}.Release|Any CPU.ActiveCfg = Release|Any CPU
		{273E3C44-5CD0-4D69-83F9-723B73611D11}.Release|Any CPU.Build.0 = Release|Any CPU
		{77801F36-CAE1-4752-A174-C3EB5BE86160}.Debug|Any CPU.ActiveCfg = Debug|Any CPU
		{77801F36-CAE1-4752-A174-C3EB5BE86160}.Debug|Any CPU.Build.0 = Debug|Any CPU
		{77801F36-CAE1-4752-A174-C3EB5BE86160}.Release|Any CPU.ActiveCfg = Release|Any CPU
		{77801F36-CAE1-4752-A174-C3EB5BE86160}.Release|Any CPU.Build.0 = Release|Any CPU
		{DB68520E-A6E6-46E2-9B8A-E9EB4709BD3E}.Debug|Any CPU.ActiveCfg = Debug|Any CPU
		{DB68520E-A6E6-46E2-9B8A-E9EB4709BD3E}.Debug|Any CPU.Build.0 = Debug|Any CPU
		{DB68520E-A6E6-46E2-9B8A-E9EB4709BD3E}.Release|Any CPU.ActiveCfg = Release|Any CPU
		{DB68520E-A6E6-46E2-9B8A-E9EB4709BD3E}.Release|Any CPU.Build.0 = Release|Any CPU
	EndGlobalSection
	GlobalSection(SolutionProperties) = preSolution
		HideSolutionNode = FALSE
	EndGlobalSection
	GlobalSection(ExtensibilityGlobals) = postSolution
		SolutionGuid = {79FAFB66-904F-4604-8B64-418C90718A90}
	EndGlobalSection
EndGlobal
